// !$*UTF8*$!
{
	archiveVersion = 1;
	classes = {
	};
	objectVersion = 46;
	objects = {

/* Begin PBXBuildFile section */
		A897DD201DAA93F80055711A /* RectangleLayer.swift in Sources */ = {isa = PBXBuildFile; fileRef = A897DD1F1DAA93F80055711A /* RectangleLayer.swift */; };
		A897DD241DAB6EA40055711A /* OvalLayer.swift in Sources */ = {isa = PBXBuildFile; fileRef = A897DD231DAB6EA40055711A /* OvalLayer.swift */; };
		A897DD261DABAA6E0055711A /* LabelLayer.swift in Sources */ = {isa = PBXBuildFile; fileRef = A897DD251DABAA6E0055711A /* LabelLayer.swift */; };
		A8B0F4661DA9153D000F3549 /* AppDelegate.swift in Sources */ = {isa = PBXBuildFile; fileRef = A8B0F4651DA9153D000F3549 /* AppDelegate.swift */; };
		A8B0F4681DA9153D000F3549 /* ViewController.swift in Sources */ = {isa = PBXBuildFile; fileRef = A8B0F4671DA9153D000F3549 /* ViewController.swift */; };
		A8B0F46B1DA9153D000F3549 /* Main.storyboard in Resources */ = {isa = PBXBuildFile; fileRef = A8B0F4691DA9153D000F3549 /* Main.storyboard */; };
		A8B0F46D1DA9153D000F3549 /* Assets.xcassets in Resources */ = {isa = PBXBuildFile; fileRef = A8B0F46C1DA9153D000F3549 /* Assets.xcassets */; };
		A8B0F4701DA9153D000F3549 /* LaunchScreen.storyboard in Resources */ = {isa = PBXBuildFile; fileRef = A8B0F46E1DA9153D000F3549 /* LaunchScreen.storyboard */; };
		A8B0F4781DA9155F000F3549 /* ProgressButton.swift in Sources */ = {isa = PBXBuildFile; fileRef = A8B0F4771DA9155F000F3549 /* ProgressButton.swift */; };
/* End PBXBuildFile section */

/* Begin PBXFileReference section */
		A897DD1F1DAA93F80055711A /* RectangleLayer.swift */ = {isa = PBXFileReference; fileEncoding = 4; lastKnownFileType = sourcecode.swift; path = RectangleLayer.swift; sourceTree = "<group>"; };
		A897DD231DAB6EA40055711A /* OvalLayer.swift */ = {isa = PBXFileReference; fileEncoding = 4; lastKnownFileType = sourcecode.swift; path = OvalLayer.swift; sourceTree = "<group>"; };
		A897DD251DABAA6E0055711A /* LabelLayer.swift */ = {isa = PBXFileReference; fileEncoding = 4; lastKnownFileType = sourcecode.swift; path = LabelLayer.swift; sourceTree = "<group>"; };
		A8B0F4621DA9153D000F3549 /* ProgressButton.app */ = {isa = PBXFileReference; explicitFileType = wrapper.application; includeInIndex = 0; path = ProgressButton.app; sourceTree = BUILT_PRODUCTS_DIR; };
		A8B0F4651DA9153D000F3549 /* AppDelegate.swift */ = {isa = PBXFileReference; lastKnownFileType = sourcecode.swift; path = AppDelegate.swift; sourceTree = "<group>"; };
		A8B0F4671DA9153D000F3549 /* ViewController.swift */ = {isa = PBXFileReference; lastKnownFileType = sourcecode.swift; path = ViewController.swift; sourceTree = "<group>"; };
		A8B0F46A1DA9153D000F3549 /* Base */ = {isa = PBXFileReference; lastKnownFileType = file.storyboard; name = Base; path = Base.lproj/Main.storyboard; sourceTree = "<group>"; };
		A8B0F46C1DA9153D000F3549 /* Assets.xcassets */ = {isa = PBXFileReference; lastKnownFileType = folder.assetcatalog; path = Assets.xcassets; sourceTree = "<group>"; };
		A8B0F46F1DA9153D000F3549 /* Base */ = {isa = PBXFileReference; lastKnownFileType = file.storyboard; name = Base; path = Base.lproj/LaunchScreen.storyboard; sourceTree = "<group>"; };
		A8B0F4711DA9153D000F3549 /* Info.plist */ = {isa = PBXFileReference; lastKnownFileType = text.plist.xml; path = Info.plist; sourceTree = "<group>"; };
		A8B0F4771DA9155F000F3549 /* ProgressButton.swift */ = {isa = PBXFileReference; fileEncoding = 4; lastKnownFileType = sourcecode.swift; name = ProgressButton.swift; path = ButtonLoading/ProgressButton.swift; sourceTree = SOURCE_ROOT; };
/* End PBXFileReference section */

/* Begin PBXFrameworksBuildPhase section */
		A8B0F45F1DA9153D000F3549 /* Frameworks */ = {
			isa = PBXFrameworksBuildPhase;
			buildActionMask = 2147483647;
			files = (
			);
			runOnlyForDeploymentPostprocessing = 0;
		};
/* End PBXFrameworksBuildPhase section */

/* Begin PBXGroup section */
		A897DD1D1DAA88B20055711A /* ProgressButton */ = {
			isa = PBXGroup;
			children = (
				A8B0F4771DA9155F000F3549 /* ProgressButton.swift */,
				A897DD1E1DAA88B20055711A /* Layers */,
			);
			name = ProgressButton;
			path = LoadingButton;
			sourceTree = "<group>";
		};
		A897DD1E1DAA88B20055711A /* Layers */ = {
			isa = PBXGroup;
			children = (
				A897DD1F1DAA93F80055711A /* RectangleLayer.swift */,
				A897DD231DAB6EA40055711A /* OvalLayer.swift */,
				A897DD251DABAA6E0055711A /* LabelLayer.swift */,
			);
			path = Layers;
			sourceTree = "<group>";
		};
		A8B0F4591DA9153C000F3549 = {
			isa = PBXGroup;
			children = (
				A8B0F4641DA9153D000F3549 /* ProgressButton */,
				A8B0F4631DA9153D000F3549 /* Products */,
			);
			sourceTree = "<group>";
		};
		A8B0F4631DA9153D000F3549 /* Products */ = {
			isa = PBXGroup;
			children = (
				A8B0F4621DA9153D000F3549 /* ProgressButton.app */,
			);
			name = Products;
			sourceTree = "<group>";
		};
		A8B0F4641DA9153D000F3549 /* ProgressButton */ = {
			isa = PBXGroup;
			children = (
				A897DD1D1DAA88B20055711A /* ProgressButton */,
				A8B0F4651DA9153D000F3549 /* AppDelegate.swift */,
				A8B0F4671DA9153D000F3549 /* ViewController.swift */,
				A8B0F4691DA9153D000F3549 /* Main.storyboard */,
				A8B0F46C1DA9153D000F3549 /* Assets.xcassets */,
				A8B0F46E1DA9153D000F3549 /* LaunchScreen.storyboard */,
				A8B0F4711DA9153D000F3549 /* Info.plist */,
			);
			name = ProgressButton;
			path = ButtonLoading;
			sourceTree = "<group>";
		};
/* End PBXGroup section */

/* Begin PBXNativeTarget section */
		A8B0F4611DA9153D000F3549 /* ProgressButton */ = {
			isa = PBXNativeTarget;
			buildConfigurationList = A8B0F4741DA9153D000F3549 /* Build configuration list for PBXNativeTarget "ProgressButton" */;
			buildPhases = (
				A8B0F45E1DA9153D000F3549 /* Sources */,
				A8B0F45F1DA9153D000F3549 /* Frameworks */,
				A8B0F4601DA9153D000F3549 /* Resources */,
			);
			buildRules = (
			);
			dependencies = (
			);
			name = ProgressButton;
			productName = ButtonLoading;
			productReference = A8B0F4621DA9153D000F3549 /* ProgressButton.app */;
			productType = "com.apple.product-type.application";
		};
/* End PBXNativeTarget section */

/* Begin PBXProject section */
		A8B0F45A1DA9153D000F3549 /* Project object */ = {
			isa = PBXProject;
			attributes = {
				LastSwiftUpdateCheck = 0800;
				LastUpgradeCheck = 0800;
				ORGANIZATIONNAME = Alexandr;
				TargetAttributes = {
					A8B0F4611DA9153D000F3549 = {
						CreatedOnToolsVersion = 8.0;
						DevelopmentTeam = 27EMTZ4TK6;
						ProvisioningStyle = Automatic;
					};
				};
			};
			buildConfigurationList = A8B0F45D1DA9153D000F3549 /* Build configuration list for PBXProject "ProgressButton" */;
			compatibilityVersion = "Xcode 3.2";
			developmentRegion = English;
			hasScannedForEncodings = 0;
			knownRegions = (
				en,
				Base,
			);
			mainGroup = A8B0F4591DA9153C000F3549;
			productRefGroup = A8B0F4631DA9153D000F3549 /* Products */;
			projectDirPath = "";
			projectRoot = "";
			targets = (
				A8B0F4611DA9153D000F3549 /* ProgressButton */,
			);
		};
/* End PBXProject section */

/* Begin PBXResourcesBuildPhase section */
		A8B0F4601DA9153D000F3549 /* Resources */ = {
			isa = PBXResourcesBuildPhase;
			buildActionMask = 2147483647;
			files = (
				A8B0F4701DA9153D000F3549 /* LaunchScreen.storyboard in Resources */,
				A8B0F46D1DA9153D000F3549 /* Assets.xcassets in Resources */,
				A8B0F46B1DA9153D000F3549 /* Main.storyboard in Resources */,
			);
			runOnlyForDeploymentPostprocessing = 0;
		};
/* End PBXResourcesBuildPhase section */

/* Begin PBXSourcesBuildPhase section */
		A8B0F45E1DA9153D000F3549 /* Sources */ = {
			isa = PBXSourcesBuildPhase;
			buildActionMask = 2147483647;
			files = (
				A897DD261DABAA6E0055711A /* LabelLayer.swift in Sources */,
				A897DD241DAB6EA40055711A /* OvalLayer.swift in Sources */,
				A8B0F4781DA9155F000F3549 /* ProgressButton.swift in Sources */,
				A897DD201DAA93F80055711A /* RectangleLayer.swift in Sources */,
				A8B0F4681DA9153D000F3549 /* ViewController.swift in Sources */,
				A8B0F4661DA9153D000F3549 /* AppDelegate.swift in Sources */,
			);
			runOnlyForDeploymentPostprocessing = 0;
		};
/* End PBXSourcesBuildPhase section */

/* Begin PBXVariantGroup section */
		A8B0F4691DA9153D000F3549 /* Main.storyboard */ = {
			isa = PBXVariantGroup;
			children = (
				A8B0F46A1DA9153D000F3549 /* Base */,
			);
			name = Main.storyboard;
			sourceTree = "<group>";
		};
		A8B0F46E1DA9153D000F3549 /* LaunchScreen.storyboard */ = {
			isa = PBXVariantGroup;
			children = (
				A8B0F46F1DA9153D000F3549 /* Base */,
			);
			name = LaunchScreen.storyboard;
			sourceTree = "<group>";
		};
/* End PBXVariantGroup section */

/* Begin XCBuildConfiguration section */
		A8B0F4721DA9153D000F3549 /* Debug */ = {
			isa = XCBuildConfiguration;
			buildSettings = {
				ALWAYS_SEARCH_USER_PATHS = NO;
				CLANG_ANALYZER_NONNULL = YES;
				CLANG_CXX_LANGUAGE_STANDARD = "gnu++0x";
				CLANG_CXX_LIBRARY = "libc++";
				CLANG_ENABLE_MODULES = YES;
				CLANG_ENABLE_OBJC_ARC = YES;
				CLANG_WARN_BOOL_CONVERSION = YES;
				CLANG_WARN_CONSTANT_CONVERSION = YES;
				CLANG_WARN_DIRECT_OBJC_ISA_USAGE = YES_ERROR;
				CLANG_WARN_DOCUMENTATION_COMMENTS = YES;
				CLANG_WARN_EMPTY_BODY = YES;
				CLANG_WARN_ENUM_CONVERSION = YES;
				CLANG_WARN_INFINITE_RECURSION = YES;
				CLANG_WARN_INT_CONVERSION = YES;
				CLANG_WARN_OBJC_ROOT_CLASS = YES_ERROR;
				CLANG_WARN_SUSPICIOUS_MOVES = YES;
				CLANG_WARN_UNREACHABLE_CODE = YES;
				CLANG_WARN__DUPLICATE_METHOD_MATCH = YES;
				"CODE_SIGN_IDENTITY[sdk=iphoneos*]" = "iPhone Developer";
				COPY_PHASE_STRIP = NO;
				DEBUG_INFORMATION_FORMAT = dwarf;
				ENABLE_STRICT_OBJC_MSGSEND = YES;
				ENABLE_TESTABILITY = YES;
				GCC_C_LANGUAGE_STANDARD = gnu99;
				GCC_DYNAMIC_NO_PIC = NO;
				GCC_NO_COMMON_BLOCKS = YES;
				GCC_OPTIMIZATION_LEVEL = 0;
				GCC_PREPROCESSOR_DEFINITIONS = (
					"DEBUG=1",
					"$(inherited)",
				);
				GCC_WARN_64_TO_32_BIT_CONVERSION = YES;
				GCC_WARN_ABOUT_RETURN_TYPE = YES_ERROR;
				GCC_WARN_UNDECLARED_SELECTOR = YES;
				GCC_WARN_UNINITIALIZED_AUTOS = YES_AGGRESSIVE;
				GCC_WARN_UNUSED_FUNCTION = YES;
				GCC_WARN_UNUSED_VARIABLE = YES;
				IPHONEOS_DEPLOYMENT_TARGET = 10.0;
				MTL_ENABLE_DEBUG_INFO = YES;
				ONLY_ACTIVE_ARCH = YES;
				SDKROOT = iphoneos;
				SWIFT_ACTIVE_COMPILATION_CONDITIONS = DEBUG;
				SWIFT_OPTIMIZATION_LEVEL = "-Onone";
			};
			name = Debug;
		};
		A8B0F4731DA9153D000F3549 /* Release */ = {
			isa = XCBuildConfiguration;
			buildSettings = {
				ALWAYS_SEARCH_USER_PATHS = NO;
				CLANG_ANALYZER_NONNULL = YES;
				CLANG_CXX_LANGUAGE_STANDARD = "gnu++0x";
				CLANG_CXX_LIBRARY = "libc++";
				CLANG_ENABLE_MODULES = YES;
				CLANG_ENABLE_OBJC_ARC = YES;
				CLANG_WARN_BOOL_CONVERSION = YES;
				CLANG_WARN_CONSTANT_CONVERSION = YES;
				CLANG_WARN_DIRECT_OBJC_ISA_USAGE = YES_ERROR;
				CLANG_WARN_DOCUMENTATION_COMMENTS = YES;
				CLANG_WARN_EMPTY_BODY = YES;
				CLANG_WARN_ENUM_CONVERSION = YES;
				CLANG_WARN_INFINITE_RECURSION = YES;
				CLANG_WARN_INT_CONVERSION = YES;
				CLANG_WARN_OBJC_ROOT_CLASS = YES_ERROR;
				CLANG_WARN_SUSPICIOUS_MOVES = YES;
				CLANG_WARN_UNREACHABLE_CODE = YES;
				CLANG_WARN__DUPLICATE_METHOD_MATCH = YES;
				"CODE_SIGN_IDENTITY[sdk=iphoneos*]" = "iPhone Developer";
				COPY_PHASE_STRIP = NO;
				DEBUG_INFORMATION_FORMAT = "dwarf-with-dsym";
				ENABLE_NS_ASSERTIONS = NO;
				ENABLE_STRICT_OBJC_MSGSEND = YES;
				GCC_C_LANGUAGE_STANDARD = gnu99;
				GCC_NO_COMMON_BLOCKS = YES;
				GCC_WARN_64_TO_32_BIT_CONVERSION = YES;
				GCC_WARN_ABOUT_RETURN_TYPE = YES_ERROR;
				GCC_WARN_UNDECLARED_SELECTOR = YES;
				GCC_WARN_UNINITIALIZED_AUTOS = YES_AGGRESSIVE;
				GCC_WARN_UNUSED_FUNCTION = YES;
				GCC_WARN_UNUSED_VARIABLE = YES;
				IPHONEOS_DEPLOYMENT_TARGET = 10.0;
				MTL_ENABLE_DEBUG_INFO = NO;
				SDKROOT = iphoneos;
				SWIFT_OPTIMIZATION_LEVEL = "-Owholemodule";
				VALIDATE_PRODUCT = YES;
			};
			name = Release;
		};
		A8B0F4751DA9153D000F3549 /* Debug */ = {
			isa = XCBuildConfiguration;
			buildSettings = {
				ASSETCATALOG_COMPILER_APPICON_NAME = AppIcon;
				DEVELOPMENT_TEAM = 27EMTZ4TK6;
				INFOPLIST_FILE = ButtonLoading/Info.plist;
				LD_RUNPATH_SEARCH_PATHS = "$(inherited) @executable_path/Frameworks";
				PRODUCT_BUNDLE_IDENTIFIER = kh.ButtonLoading;
				PRODUCT_NAME = "$(TARGET_NAME)";
				SWIFT_VERSION = 3.0;
			};
			name = Debug;
		};
		A8B0F4761DA9153D000F3549 /* Release */ = {
			isa = XCBuildConfiguration;
			buildSettings = {
				ASSETCATALOG_COMPILER_APPICON_NAME = AppIcon;
				DEVELOPMENT_TEAM = 27EMTZ4TK6;
				INFOPLIST_FILE = ButtonLoading/Info.plist;
				LD_RUNPATH_SEARCH_PATHS = "$(inherited) @executable_path/Frameworks";
				PRODUCT_BUNDLE_IDENTIFIER = kh.ButtonLoading;
				PRODUCT_NAME = "$(TARGET_NAME)";
				SWIFT_VERSION = 3.0;
			};
			name = Release;
		};
/* End XCBuildConfiguration section */

/* Begin XCConfigurationList section */
		A8B0F45D1DA9153D000F3549 /* Build configuration list for PBXProject "ProgressButton" */ = {
			isa = XCConfigurationList;
			buildConfigurations = (
				A8B0F4721DA9153D000F3549 /* Debug */,
				A8B0F4731DA9153D000F3549 /* Release */,
			);
			defaultConfigurationIsVisible = 0;
			defaultConfigurationName = Release;
		};
		A8B0F4741DA9153D000F3549 /* Build configuration list for PBXNativeTarget "ProgressButton" */ = {
			isa = XCConfigurationList;
			buildConfigurations = (
				A8B0F4751DA9153D000F3549 /* Debug */,
				A8B0F4761DA9153D000F3549 /* Release */,
			);
			defaultConfigurationIsVisible = 0;
			defaultConfigurationName = Release;
		};
/* End XCConfigurationList section */
	};
	rootObject = A8B0F45A1DA9153D000F3549 /* Project object */;
}
